
Microsoft Visual Studio Solution File, Format Version 12.00
# Visual Studio 15
VisualStudioVersion = 15.0.28010.2050
MinimumVisualStudioVersion = 10.0.40219.1
Project("{FAE04EC0-301F-11D3-BF4B-00C04F79EFBC}") = "test2.Android", "test2\test2.Android\test2.Android.csproj", "{363FB80B-BA80-43D6-9C08-7C359ABC7116}"
EndProject
Project("{FAE04EC0-301F-11D3-BF4B-00C04F79EFBC}") = "test2.iOS", "test2\test2.iOS\test2.iOS.csproj", "{4D69E1DD-4137-41C2-9F45-33B6721AC872}"
EndProject
Project("{FAE04EC0-301F-11D3-BF4B-00C04F79EFBC}") = "test2", "test2\test2\test2.csproj", "{AC41592F-C175-46EC-B02D-78FAD557938F}"
EndProject
Global
	GlobalSection(SolutionConfigurationPlatforms) = preSolution
		Ad-Hoc|Any CPU = Ad-Hoc|Any CPU
		Ad-Hoc|iPhone = Ad-Hoc|iPhone
		Ad-Hoc|iPhoneSimulator = Ad-Hoc|iPhoneSimulator
		AppStore|Any CPU = AppStore|Any CPU
		AppStore|iPhone = AppStore|iPhone
		AppStore|iPhoneSimulator = AppStore|iPhoneSimulator
		Debug|Any CPU = Debug|Any CPU
		Debug|iPhone = Debug|iPhone
		Debug|iPhoneSimulator = Debug|iPhoneSimulator
		Release|Any CPU = Release|Any CPU
		Release|iPhone = Release|iPhone
		Release|iPhoneSimulator = Release|iPhoneSimulator
	EndGlobalSection
	GlobalSection(ProjectConfigurationPlatforms) = postSolution
		{363FB80B-BA80-43D6-9C08-7C359ABC7116}.Ad-Hoc|Any CPU.ActiveCfg = Release|Any CPU
		{363FB80B-BA80-43D6-9C08-7C359ABC7116}.Ad-Hoc|Any CPU.Build.0 = Release|Any CPU
		{363FB80B-BA80-43D6-9C08-7C359ABC7116}.Ad-Hoc|Any CPU.Deploy.0 = Release|Any CPU
		{363FB80B-BA80-43D6-9C08-7C359ABC7116}.Ad-Hoc|iPhone.ActiveCfg = Release|Any CPU
		{363FB80B-BA80-43D6-9C08-7C359ABC7116}.Ad-Hoc|iPhone.Build.0 = Release|Any CPU
		{363FB80B-BA80-43D6-9C08-7C359ABC7116}.Ad-Hoc|iPhone.Deploy.0 = Release|Any CPU
		{363FB80B-BA80-43D6-9C08-7C359ABC7116}.Ad-Hoc|iPhoneSimulator.ActiveCfg = Release|Any CPU
		{363FB80B-BA80-43D6-9C08-7C359ABC7116}.Ad-Hoc|iPhoneSimulator.Build.0 = Release|Any CPU
		{363FB80B-BA80-43D6-9C08-7C359ABC7116}.Ad-Hoc|iPhoneSimulator.Deploy.0 = Release|Any CPU
		{363FB80B-BA80-43D6-9C08-7C359ABC7116}.AppStore|Any CPU.ActiveCfg = Release|Any CPU
		{363FB80B-BA80-43D6-9C08-7C359ABC7116}.AppStore|Any CPU.Build.0 = Release|Any CPU
		{363FB80B-BA80-43D6-9C08-7C359ABC7116}.AppStore|Any CPU.Deploy.0 = Release|Any CPU
		{363FB80B-BA80-43D6-9C08-7C359ABC7116}.AppStore|iPhone.ActiveCfg = Release|Any CPU
		{363FB80B-BA80-43D6-9C08-7C359ABC7116}.AppStore|iPhone.Build.0 = Release|Any CPU
		{363FB80B-BA80-43D6-9C08-7C359ABC7116}.AppStore|iPhone.Deploy.0 = Release|Any CPU
		{363FB80B-BA80-43D6-9C08-7C359ABC7116}.AppStore|iPhoneSimulator.ActiveCfg = Release|Any CPU
		{363FB80B-BA80-43D6-9C08-7C359ABC7116}.AppStore|iPhoneSimulator.Build.0 = Release|Any CPU
		{363FB80B-BA80-43D6-9C08-7C359ABC7116}.AppStore|iPhoneSimulator.Deploy.0 = Release|Any CPU
		{363FB80B-BA80-43D6-9C08-7C359ABC7116}.Debug|Any CPU.ActiveCfg = Debug|Any CPU
		{363FB80B-BA80-43D6-9C08-7C359ABC7116}.Debug|Any CPU.Build.0 = Debug|Any CPU
		{363FB80B-BA80-43D6-9C08-7C359ABC7116}.Debug|Any CPU.Deploy.0 = Debug|Any CPU
		{363FB80B-BA80-43D6-9C08-7C359ABC7116}.Debug|iPhone.ActiveCfg = Debug|Any CPU
		{363FB80B-BA80-43D6-9C08-7C359ABC7116}.Debug|iPhone.Build.0 = Debug|Any CPU
		{363FB80B-BA80-43D6-9C08-7C359ABC7116}.Debug|iPhone.Deploy.0 = Debug|Any CPU
		{363FB80B-BA80-43D6-9C08-7C359ABC7116}.Debug|iPhoneSimulator.ActiveCfg = Debug|Any CPU
		{363FB80B-BA80-43D6-9C08-7C359ABC7116}.Debug|iPhoneSimulator.Build.0 = Debug|Any CPU
		{363FB80B-BA80-43D6-9C08-7C359ABC7116}.Debug|iPhoneSimulator.Deploy.0 = Debug|Any CPU
		{363FB80B-BA80-43D6-9C08-7C359ABC7116}.Release|Any CPU.ActiveCfg = Release|Any CPU
		{363FB80B-BA80-43D6-9C08-7C359ABC7116}.Release|Any CPU.Build.0 = Release|Any CPU
		{363FB80B-BA80-43D6-9C08-7C359ABC7116}.Release|Any CPU.Deploy.0 = Release|Any CPU
		{363FB80B-BA80-43D6-9C08-7C359ABC7116}.Release|iPhone.ActiveCfg = Release|Any CPU
		{363FB80B-BA80-43D6-9C08-7C359ABC7116}.Release|iPhone.Build.0 = Release|Any CPU
		{363FB80B-BA80-43D6-9C08-7C359ABC7116}.Release|iPhone.Deploy.0 = Release|Any CPU
		{363FB80B-BA80-43D6-9C08-7C359ABC7116}.Release|iPhoneSimulator.ActiveCfg = Release|Any CPU
		{363FB80B-BA80-43D6-9C08-7C359ABC7116}.Release|iPhoneSimulator.Build.0 = Release|Any CPU
		{363FB80B-BA80-43D6-9C08-7C359ABC7116}.Release|iPhoneSimulator.Deploy.0 = Release|Any CPU
		{4D69E1DD-4137-41C2-9F45-33B6721AC872}.Ad-Hoc|Any CPU.ActiveCfg = Ad-Hoc|iPhone
		{4D69E1DD-4137-41C2-9F45-33B6721AC872}.Ad-Hoc|Any CPU.Build.0 = Ad-Hoc|iPhone
		{4D69E1DD-4137-41C2-9F45-33B6721AC872}.Ad-Hoc|Any CPU.Deploy.0 = Ad-Hoc|iPhone
		{4D69E1DD-4137-41C2-9F45-33B6721AC872}.Ad-Hoc|iPhone.ActiveCfg = Ad-Hoc|iPhone
		{4D69E1DD-4137-41C2-9F45-33B6721AC872}.Ad-Hoc|iPhone.Build.0 = Ad-Hoc|iPhone
		{4D69E1DD-4137-41C2-9F45-33B6721AC872}.Ad-Hoc|iPhone.Deploy.0 = Ad-Hoc|iPhone
		{4D69E1DD-4137-41C2-9F45-33B6721AC872}.Ad-Hoc|iPhoneSimulator.ActiveCfg = Ad-Hoc|iPhoneSimulator
		{4D69E1DD-4137-41C2-9F45-33B6721AC872}.Ad-Hoc|iPhoneSimulator.Build.0 = Ad-Hoc|iPhoneSimulator
		{4D69E1DD-4137-41C2-9F45-33B6721AC872}.Ad-Hoc|iPhoneSimulator.Deploy.0 = Ad-Hoc|iPhoneSimulator
		{4D69E1DD-4137-41C2-9F45-33B6721AC872}.AppStore|Any CPU.ActiveCfg = AppStore|iPhone
		{4D69E1DD-4137-41C2-9F45-33B6721AC872}.AppStore|Any CPU.Build.0 = AppStore|iPhone
		{4D69E1DD-4137-41C2-9F45-33B6721AC872}.AppStore|Any CPU.Deploy.0 = AppStore|iPhone
		{4D69E1DD-4137-41C2-9F45-33B6721AC872}.AppStore|iPhone.ActiveCfg = AppStore|iPhone
		{4D69E1DD-4137-41C2-9F45-33B6721AC872}.AppStore|iPhone.Build.0 = AppStore|iPhone
		{4D69E1DD-4137-41C2-9F45-33B6721AC872}.AppStore|iPhone.Deploy.0 = AppStore|iPhone
		{4D69E1DD-4137-41C2-9F45-33B6721AC872}.AppStore|iPhoneSimulator.ActiveCfg = AppStore|iPhoneSimulator
		{4D69E1DD-4137-41C2-9F45-33B6721AC872}.AppStore|iPhoneSimulator.Build.0 = AppStore|iPhoneSimulator
		{4D69E1DD-4137-41C2-9F45-33B6721AC872}.AppStore|iPhoneSimulator.Deploy.0 = AppStore|iPhoneSimulator
		{4D69E1DD-4137-41C2-9F45-33B6721AC872}.Debug|Any CPU.ActiveCfg = Debug|iPhoneSimulator
		{4D69E1DD-4137-41C2-9F45-33B6721AC872}.Debug|Any CPU.Build.0 = Debug|iPhoneSimulator
		{4D69E1DD-4137-41C2-9F45-33B6721AC872}.Debug|Any CPU.Deploy.0 = Debug|iPhoneSimulator
		{4D69E1DD-4137-41C2-9F45-33B6721AC872}.Debug|iPhone.ActiveCfg = Debug|iPhone
		{4D69E1DD-4137-41C2-9F45-33B6721AC872}.Debug|iPhone.Build.0 = Debug|iPhone
		{4D69E1DD-4137-41C2-9F45-33B6721AC872}.Debug|iPhone.Deploy.0 = Debug|iPhone
		{4D69E1DD-4137-41C2-9F45-33B6721AC872}.Debug|iPhoneSimulator.ActiveCfg = Debug|iPhoneSimulator
		{4D69E1DD-4137-41C2-9F45-33B6721AC872}.Debug|iPhoneSimulator.Build.0 = Debug|iPhoneSimulator
		{4D69E1DD-4137-41C2-9F45-33B6721AC872}.Debug|iPhoneSimulator.Deploy.0 = Debug|iPhoneSimulator
		{4D69E1DD-4137-41C2-9F45-33B6721AC872}.Release|Any CPU.ActiveCfg = Release|iPhone
		{4D69E1DD-4137-41C2-9F45-33B6721AC872}.Release|Any CPU.Build.0 = Release|iPhone
		{4D69E1DD-4137-41C2-9F45-33B6721AC872}.Release|Any CPU.Deploy.0 = Release|iPhone
		{4D69E1DD-4137-41C2-9F45-33B6721AC872}.Release|iPhone.ActiveCfg = Release|iPhone
		{4D69E1DD-4137-41C2-9F45-33B6721AC872}.Release|iPhone.Build.0 = Release|iPhone
		{4D69E1DD-4137-41C2-9F45-33B6721AC872}.Release|iPhone.Deploy.0 = Release|iPhone
		{4D69E1DD-4137-41C2-9F45-33B6721AC872}.Release|iPhoneSimulator.ActiveCfg = Release|iPhoneSimulator
		{4D69E1DD-4137-41C2-9F45-33B6721AC872}.Release|iPhoneSimulator.Build.0 = Release|iPhoneSimulator
		{4D69E1DD-4137-41C2-9F45-33B6721AC872}.Release|iPhoneSimulator.Deploy.0 = Release|iPhoneSimulator
		{AC41592F-C175-46EC-B02D-78FAD557938F}.Ad-Hoc|Any CPU.ActiveCfg = Debug|Any CPU
		{AC41592F-C175-46EC-B02D-78FAD557938F}.Ad-Hoc|Any CPU.Build.0 = Debug|Any CPU
		{AC41592F-C175-46EC-B02D-78FAD557938F}.Ad-Hoc|Any CPU.Deploy.0 = Debug|Any CPU
		{AC41592F-C175-46EC-B02D-78FAD557938F}.Ad-Hoc|iPhone.ActiveCfg = Debug|Any CPU
		{AC41592F-C175-46EC-B02D-78FAD557938F}.Ad-Hoc|iPhone.Build.0 = Debug|Any CPU
		{AC41592F-C175-46EC-B02D-78FAD557938F}.Ad-Hoc|iPhone.Deploy.0 = Debug|Any CPU
		{AC41592F-C175-46EC-B02D-78FAD557938F}.Ad-Hoc|iPhoneSimulator.ActiveCfg = Debug|Any CPU
		{AC41592F-C175-46EC-B02D-78FAD557938F}.Ad-Hoc|iPhoneSimulator.Build.0 = Debug|Any CPU
		{AC41592F-C175-46EC-B02D-78FAD557938F}.Ad-Hoc|iPhoneSimulator.Deploy.0 = Debug|Any CPU
		{AC41592F-C175-46EC-B02D-78FAD557938F}.AppStore|Any CPU.ActiveCfg = Debug|Any CPU
		{AC41592F-C175-46EC-B02D-78FAD557938F}.AppStore|Any CPU.Build.0 = Debug|Any CPU
		{AC41592F-C175-46EC-B02D-78FAD557938F}.AppStore|Any CPU.Deploy.0 = Debug|Any CPU
		{AC41592F-C175-46EC-B02D-78FAD557938F}.AppStore|iPhone.ActiveCfg = Debug|Any CPU
		{AC41592F-C175-46EC-B02D-78FAD557938F}.AppStore|iPhone.Build.0 = Debug|Any CPU
		{AC41592F-C175-46EC-B02D-78FAD557938F}.AppStore|iPhone.Deploy.0 = Debug|Any CPU
		{AC41592F-C175-46EC-B02D-78FAD557938F}.AppStore|iPhoneSimulator.ActiveCfg = Debug|Any CPU
		{AC41592F-C175-46EC-B02D-78FAD557938F}.AppStore|iPhoneSimulator.Build.0 = Debug|Any CPU
		{AC41592F-C175-46EC-B02D-78FAD557938F}.AppStore|iPhoneSimulator.Deploy.0 = Debug|Any CPU
		{AC41592F-C175-46EC-B02D-78FAD557938F}.Debug|Any CPU.ActiveCfg = Debug|Any CPU
		{AC41592F-C175-46EC-B02D-78FAD557938F}.Debug|Any CPU.Build.0 = Debug|Any CPU
		{AC41592F-C175-46EC-B02D-78FAD557938F}.Debug|Any CPU.Deploy.0 = Debug|Any CPU
		{AC41592F-C175-46EC-B02D-78FAD557938F}.Debug|iPhone.ActiveCfg = Debug|Any CPU
		{AC41592F-C175-46EC-B02D-78FAD557938F}.Debug|iPhone.Build.0 = Debug|Any CPU
		{AC41592F-C175-46EC-B02D-78FAD557938F}.Debug|iPhone.Deploy.0 = Debug|Any CPU
		{AC41592F-C175-46EC-B02D-78FAD557938F}.Debug|iPhoneSimulator.ActiveCfg = Debug|Any CPU
		{AC41592F-C175-46EC-B02D-78FAD557938F}.Debug|iPhoneSimulator.Build.0 = Debug|Any CPU
		{AC41592F-C175-46EC-B02D-78FAD557938F}.Debug|iPhoneSimulator.Deploy.0 = Debug|Any CPU
		{AC41592F-C175-46EC-B02D-78FAD557938F}.Release|Any CPU.ActiveCfg = Release|Any CPU
		{AC41592F-C175-46EC-B02D-78FAD557938F}.Release|Any CPU.Build.0 = Release|Any CPU
		{AC41592F-C175-46EC-B02D-78FAD557938F}.Release|Any CPU.Deploy.0 = Release|Any CPU
		{AC41592F-C175-46EC-B02D-78FAD557938F}.Release|iPhone.ActiveCfg = Release|Any CPU
		{AC41592F-C175-46EC-B02D-78FAD557938F}.Release|iPhone.Build.0 = Release|Any CPU
		{AC41592F-C175-46EC-B02D-78FAD557938F}.Release|iPhone.Deploy.0 = Release|Any CPU
		{AC41592F-C175-46EC-B02D-78FAD557938F}.Release|iPhoneSimulator.ActiveCfg = Release|Any CPU
		{AC41592F-C175-46EC-B02D-78FAD557938F}.Release|iPhoneSimulator.Build.0 = Release|Any CPU
		{AC41592F-C175-46EC-B02D-78FAD557938F}.Release|iPhoneSimulator.Deploy.0 = Release|Any CPU
	EndGlobalSection
	GlobalSection(SolutionProperties) = preSolution
		HideSolutionNode = FALSE
	EndGlobalSection
	GlobalSection(ExtensibilityGlobals) = postSolution
		SolutionGuid = {3A38C953-B750-4CDD-B90A-1814741604E2}
	EndGlobalSection
EndGlobal
